
Microsoft Visual Studio Solution File, Format Version 12.00
# Visual Studio Version 16
VisualStudioVersion = 16.0.28803.202
MinimumVisualStudioVersion = 10.0.40219.1
Project("{FAE04EC0-301F-11D3-BF4B-00C04F79EFBC}") = "Server", "Server\Server.csproj", "{E07D1D12-CE12-4144-B733-69AD0EED91DC}"
EndProject
Global
	GlobalSection(SolutionConfigurationPlatforms) = preSolution
		Debug|Any CPU = Debug|Any CPU
		Release|Any CPU = Release|Any CPU
	EndGlobalSection
	GlobalSection(ProjectConfigurationPlatforms) = postSolution
		{E07D1D12-CE12-4144-B733-69AD0EED91DC}.Debug|Any CPU.ActiveCfg = Debug|Any CPU
		{E07D1D12-CE12-4144-B733-69AD0EED91DC}.Debug|Any CPU.Build.0 = Debug|Any CPU
		{E07D1D12-CE12-4144-B733-69AD0EED91DC}.Release|Any CPU.ActiveCfg = Release|Any CPU
		{E07D1D12-CE12-4144-B733-69AD0EED91DC}.Release|Any CPU.Build.0 = Release|Any CPU
	EndGlobalSection
	GlobalSection(SolutionProperties) = preSolution
		HideSolutionNode = FALSE
	EndGlobalSection
	GlobalSection(ExtensibilityGlobals) = postSolution
		SolutionGuid = {282019E4-1DF5-490C-B2C7-96B733372252}
	EndGlobalSection
EndGlobal
